{
  "nodes": {
    "darwin": {
      "inputs": {
        "nixpkgs": [
          "nixpkgs"
        ]
      },
      "locked": {
        "lastModified": 1742869675,
        "narHash": "sha256-rgwUZJZVztaNYPTsf6MIqirPL5r2JTMMyHuzk1ezyYk=",
        "owner": "LnL7",
        "repo": "nix-darwin",
        "rev": "bb81755a3674951724d79b8cba6bbff01409d44d",
        "type": "github"
      },
      "original": {
        "owner": "LnL7",
        "repo": "nix-darwin",
        "type": "github"
      }
    },
    "home-manager": {
      "inputs": {
        "nixpkgs": [
          "nixpkgs"
        ]
      },
      "locked": {
        "lastModified": 1742871411,
        "narHash": "sha256-F3xBdOs5m0SE6Gq3jz+JxDOPvsLs22vbGfD05uF6xEc=",
        "owner": "nix-community",
        "repo": "home-manager",
        "rev": "869f2ec2add75ce2a70a6dbbf585b8399abec625",
        "type": "github"
      },
      "original": {
        "owner": "nix-community",
        "repo": "home-manager",
        "type": "github"
      }
    },
    "nixpkgs": {
      "locked": {
        "lastModified": 1742707865,
        "narHash": "sha256-RVQQZy38O3Zb8yoRJhuFgWo/iDIDj0hEdRTVfhOtzRk=",
        "owner": "NixOS",
        "repo": "nixpkgs",
        "rev": "dd613136ee91f67e5dba3f3f41ac99ae89c5406b",
        "type": "github"
      },
      "original": {
        "owner": "NixOS",
        "ref": "nixpkgs-unstable",
        "repo": "nixpkgs",
        "type": "github"
      }
    },
    "root": {
      "inputs": {
        "darwin": "darwin",
        "home-manager": "home-manager",
        "nixpkgs": "nixpkgs"
      }
    }
  },
  "root": "root",
  "version": 7
}
